
Microsoft Visual Studio Solution File, Format Version 12.00
# Visual Studio Version 17
VisualStudioVersion = 17.14.36705.20 d17.14
MinimumVisualStudioVersion = 10.0.40219.1
Project("{2150E333-8FDC-42A3-9474-1A3956D46DE8}") = "Task0", "Task0", "{02EA681E-C7D8-13C7-8484-4AC65E1B71E8}"
EndProject
Project("{2150E333-8FDC-42A3-9474-1A3956D46DE8}") = "Task1", "Task1", "{6646F0E5-4983-4954-9EDD-1E265301CC2E}"
EndProject
Project("{2150E333-8FDC-42A3-9474-1A3956D46DE8}") = "Task2", "Task2", "{CF576055-BFF1-4043-B122-4A9F94B6071C}"
EndProject
Project("{2150E333-8FDC-42A3-9474-1A3956D46DE8}") = "Task3", "Task3", "{507FF7E9-2B15-4C4C-8B3B-ACC6A631BD99}"
EndProject
Project("{FAE04EC0-301F-11D3-BF4B-00C04F79EFBC}") = "Tyuiu.CybenkoEA.Sprint2.Task0.V12", "Tyuiu.CybenkoEA.Sprint2.Task0.V12\Tyuiu.CybenkoEA.Sprint2.Task0.V12.csproj", "{993F0518-3E56-4846-8185-4132744F5A45}"
EndProject
Project("{FAE04EC0-301F-11D3-BF4B-00C04F79EFBC}") = "Tyuiu.CybenkoEA.Sprint2.Task0.V12.Lib", "Tyuiu.CybenkoEA.Sprint2.Task0.V12.Lib\Tyuiu.CybenkoEA.Sprint2.Task0.V12.Lib.csproj", "{42CECB7D-BEF9-4E75-81AA-05A2927B6C24}"
EndProject
Project("{FAE04EC0-301F-11D3-BF4B-00C04F79EFBC}") = "Tyuiu.CybenkoEA.Sprint2.Task0.V12.Test", "Tyuiu.CybenkoEA.Sprint2.Task0.V12.Test\Tyuiu.CybenkoEA.Sprint2.Task0.V12.Test.csproj", "{C26692DE-57B3-4416-98E7-734CF95CEE31}"
EndProject
Project("{FAE04EC0-301F-11D3-BF4B-00C04F79EFBC}") = "Tyuiu.CybenkoEA.Sprint2.Task1.V28", "Tyuiu.CybenkoEA.Sprint2.Task1.V28\Tyuiu.CybenkoEA.Sprint2.Task1.V28.csproj", "{216B2842-45C8-46B1-A58D-97857AB77840}"
EndProject
Project("{FAE04EC0-301F-11D3-BF4B-00C04F79EFBC}") = "Tyuiu.CybenkoEA.Sprint2.Task1.V28.Lib", "Tyuiu.CybenkoEA.Sprint2.Task1.V28.Lib\Tyuiu.CybenkoEA.Sprint2.Task1.V28.Lib.csproj", "{87B86281-AA6A-41EB-AA4C-FADD67680C81}"
EndProject
Project("{FAE04EC0-301F-11D3-BF4B-00C04F79EFBC}") = "Tyuiu.CybenkoEA.Sprint2.Task1.V28.Test", "Tyuiu.CybenkoEA.Sprint2.Task1.V28.Test\Tyuiu.CybenkoEA.Sprint2.Task1.V28.Test.csproj", "{B4B91DC7-9635-460A-87B3-CE45373978A0}"
EndProject
Project("{FAE04EC0-301F-11D3-BF4B-00C04F79EFBC}") = "Tyuiu.CybenkoEA.Sprint2.Task2.V6", "Tyuiu.CybenkoEA.Sprint2.Task2.V6\Tyuiu.CybenkoEA.Sprint2.Task2.V6.csproj", "{F9F15F06-D169-4AEC-B5A2-DF97B1F83213}"
EndProject
Project("{FAE04EC0-301F-11D3-BF4B-00C04F79EFBC}") = "Tyuiu.CybenkoEA.Sprint2.Task2.V6.Lib", "Tyuiu.CybenkoEA.Sprint2.Task2.V6.Lib\Tyuiu.CybenkoEA.Sprint2.Task2.V6.Lib.csproj", "{8AE76D87-B95D-4AEC-9B08-39B88769DBEB}"
EndProject
Project("{FAE04EC0-301F-11D3-BF4B-00C04F79EFBC}") = "Tyuiu.CybenkoEA.Sprint2.Task2.V6.Test", "Tyuiu.CybenkoEA.Sprint2.Task2.V6.Test\Tyuiu.CybenkoEA.Sprint2.Task2.V6.Test.csproj", "{F434F42F-59F3-4FB0-858F-946188CDFEB2}"
EndProject
Project("{FAE04EC0-301F-11D3-BF4B-00C04F79EFBC}") = "Tyuiu.CybenkoEA.Sprint2.Task3.V16", "Tyuiu.CybenkoEA.Sprint2.Task3.V16\Tyuiu.CybenkoEA.Sprint2.Task3.V16.csproj", "{2B39EDC7-998D-472E-904F-3EAEA56ACD83}"
EndProject
Project("{FAE04EC0-301F-11D3-BF4B-00C04F79EFBC}") = "Tyuiu.CybenkoEA.Sprint2.Task3.V16.Lib", "Tyuiu.CybenkoEA.Sprint2.Task3.V16.Lib\Tyuiu.CybenkoEA.Sprint2.Task3.V16.Lib.csproj", "{5147AF14-5420-419A-B349-A992229BA819}"
EndProject
Project("{FAE04EC0-301F-11D3-BF4B-00C04F79EFBC}") = "Tyuiu.CybenkoEA.Sprint2.Task3.V16.Test", "Tyuiu.CybenkoEA.Sprint2.Task3.V16.Test\Tyuiu.CybenkoEA.Sprint2.Task3.V16.Test.csproj", "{5EE83DB3-4AFF-4DE4-877E-170367C7014B}"
EndProject
Project("{2150E333-8FDC-42A3-9474-1A3956D46DE8}") = "Task4", "Task4", "{E7FA903B-ADDC-47F4-AAA3-4C26D73ED86C}"
EndProject
Project("{2150E333-8FDC-42A3-9474-1A3956D46DE8}") = "Task5", "Task5", "{1D839BC1-8413-416C-ACB1-47BB89055B86}"
EndProject
Project("{2150E333-8FDC-42A3-9474-1A3956D46DE8}") = "Task6", "Task6", "{EEF69BCA-6F1D-4445-9ECB-F86D573256B4}"
EndProject
Project("{2150E333-8FDC-42A3-9474-1A3956D46DE8}") = "Task7", "Task7", "{CA98D9DD-3F24-4DEE-9CFA-9699BB14DD1E}"
EndProject
Project("{FAE04EC0-301F-11D3-BF4B-00C04F79EFBC}") = "Tyuiu.CybenkoEA.Sprint2.Task4.V28", "Tyuiu.CybenkoEA.Sprint2.Task4.V28\Tyuiu.CybenkoEA.Sprint2.Task4.V28.csproj", "{C44D9DC3-80F4-4C0B-8585-0AB36BD6C66E}"
EndProject
Project("{FAE04EC0-301F-11D3-BF4B-00C04F79EFBC}") = "Tyuiu.CybenkoEA.Sprint2.Task4.V28.Lib", "Tyuiu.CybenkoEA.Sprint2.Task4.V28.Lib\Tyuiu.CybenkoEA.Sprint2.Task4.V28.Lib.csproj", "{646AC9A5-C4B3-416B-BBA5-3F110ED49BD7}"
EndProject
Project("{FAE04EC0-301F-11D3-BF4B-00C04F79EFBC}") = "Tyuiu.CybenkoEA.Sprint2.Task4.V28.Test", "Tyuiu.CybenkoEA.Sprint2.Task4.V28.Test\Tyuiu.CybenkoEA.Sprint2.Task4.V28.Test.csproj", "{E0BA7708-ED2B-432C-9C8B-110C3F7AFCB3}"
EndProject
Global
	GlobalSection(SolutionConfigurationPlatforms) = preSolution
		Debug|Any CPU = Debug|Any CPU
		Release|Any CPU = Release|Any CPU
	EndGlobalSection
	GlobalSection(ProjectConfigurationPlatforms) = postSolution
		{993F0518-3E56-4846-8185-4132744F5A45}.Debug|Any CPU.ActiveCfg = Debug|Any CPU
		{993F0518-3E56-4846-8185-4132744F5A45}.Debug|Any CPU.Build.0 = Debug|Any CPU
		{993F0518-3E56-4846-8185-4132744F5A45}.Release|Any CPU.ActiveCfg = Release|Any CPU
		{993F0518-3E56-4846-8185-4132744F5A45}.Release|Any CPU.Build.0 = Release|Any CPU
		{42CECB7D-BEF9-4E75-81AA-05A2927B6C24}.Debug|Any CPU.ActiveCfg = Debug|Any CPU
		{42CECB7D-BEF9-4E75-81AA-05A2927B6C24}.Debug|Any CPU.Build.0 = Debug|Any CPU
		{42CECB7D-BEF9-4E75-81AA-05A2927B6C24}.Release|Any CPU.ActiveCfg = Release|Any CPU
		{42CECB7D-BEF9-4E75-81AA-05A2927B6C24}.Release|Any CPU.Build.0 = Release|Any CPU
		{C26692DE-57B3-4416-98E7-734CF95CEE31}.Debug|Any CPU.ActiveCfg = Debug|Any CPU
		{C26692DE-57B3-4416-98E7-734CF95CEE31}.Debug|Any CPU.Build.0 = Debug|Any CPU
		{C26692DE-57B3-4416-98E7-734CF95CEE31}.Release|Any CPU.ActiveCfg = Release|Any CPU
		{C26692DE-57B3-4416-98E7-734CF95CEE31}.Release|Any CPU.Build.0 = Release|Any CPU
		{216B2842-45C8-46B1-A58D-97857AB77840}.Debug|Any CPU.ActiveCfg = Debug|Any CPU
		{216B2842-45C8-46B1-A58D-97857AB77840}.Debug|Any CPU.Build.0 = Debug|Any CPU
		{216B2842-45C8-46B1-A58D-97857AB77840}.Release|Any CPU.ActiveCfg = Release|Any CPU
		{216B2842-45C8-46B1-A58D-97857AB77840}.Release|Any CPU.Build.0 = Release|Any CPU
		{87B86281-AA6A-41EB-AA4C-FADD67680C81}.Debug|Any CPU.ActiveCfg = Debug|Any CPU
		{87B86281-AA6A-41EB-AA4C-FADD67680C81}.Debug|Any CPU.Build.0 = Debug|Any CPU
		{87B86281-AA6A-41EB-AA4C-FADD67680C81}.Release|Any CPU.ActiveCfg = Release|Any CPU
		{87B86281-AA6A-41EB-AA4C-FADD67680C81}.Release|Any CPU.Build.0 = Release|Any CPU
		{B4B91DC7-9635-460A-87B3-CE45373978A0}.Debug|Any CPU.ActiveCfg = Debug|Any CPU
		{B4B91DC7-9635-460A-87B3-CE45373978A0}.Debug|Any CPU.Build.0 = Debug|Any CPU
		{B4B91DC7-9635-460A-87B3-CE45373978A0}.Release|Any CPU.ActiveCfg = Release|Any CPU
		{B4B91DC7-9635-460A-87B3-CE45373978A0}.Release|Any CPU.Build.0 = Release|Any CPU
		{F9F15F06-D169-4AEC-B5A2-DF97B1F83213}.Debug|Any CPU.ActiveCfg = Debug|Any CPU
		{F9F15F06-D169-4AEC-B5A2-DF97B1F83213}.Debug|Any CPU.Build.0 = Debug|Any CPU
		{F9F15F06-D169-4AEC-B5A2-DF97B1F83213}.Release|Any CPU.ActiveCfg = Release|Any CPU
		{F9F15F06-D169-4AEC-B5A2-DF97B1F83213}.Release|Any CPU.Build.0 = Release|Any CPU
		{8AE76D87-B95D-4AEC-9B08-39B88769DBEB}.Debug|Any CPU.ActiveCfg = Debug|Any CPU
		{8AE76D87-B95D-4AEC-9B08-39B88769DBEB}.Debug|Any CPU.Build.0 = Debug|Any CPU
		{8AE76D87-B95D-4AEC-9B08-39B88769DBEB}.Release|Any CPU.ActiveCfg = Release|Any CPU
		{8AE76D87-B95D-4AEC-9B08-39B88769DBEB}.Release|Any CPU.Build.0 = Release|Any CPU
		{F434F42F-59F3-4FB0-858F-946188CDFEB2}.Debug|Any CPU.ActiveCfg = Debug|Any CPU
		{F434F42F-59F3-4FB0-858F-946188CDFEB2}.Debug|Any CPU.Build.0 = Debug|Any CPU
		{F434F42F-59F3-4FB0-858F-946188CDFEB2}.Release|Any CPU.ActiveCfg = Release|Any CPU
		{F434F42F-59F3-4FB0-858F-946188CDFEB2}.Release|Any CPU.Build.0 = Release|Any CPU
		{2B39EDC7-998D-472E-904F-3EAEA56ACD83}.Debug|Any CPU.ActiveCfg = Debug|Any CPU
		{2B39EDC7-998D-472E-904F-3EAEA56ACD83}.Debug|Any CPU.Build.0 = Debug|Any CPU
		{2B39EDC7-998D-472E-904F-3EAEA56ACD83}.Release|Any CPU.ActiveCfg = Release|Any CPU
		{2B39EDC7-998D-472E-904F-3EAEA56ACD83}.Release|Any CPU.Build.0 = Release|Any CPU
		{5147AF14-5420-419A-B349-A992229BA819}.Debug|Any CPU.ActiveCfg = Debug|Any CPU
		{5147AF14-5420-419A-B349-A992229BA819}.Debug|Any CPU.Build.0 = Debug|Any CPU
		{5147AF14-5420-419A-B349-A992229BA819}.Release|Any CPU.ActiveCfg = Release|Any CPU
		{5147AF14-5420-419A-B349-A992229BA819}.Release|Any CPU.Build.0 = Release|Any CPU
		{5EE83DB3-4AFF-4DE4-877E-170367C7014B}.Debug|Any CPU.ActiveCfg = Debug|Any CPU
		{5EE83DB3-4AFF-4DE4-877E-170367C7014B}.Debug|Any CPU.Build.0 = Debug|Any CPU
		{5EE83DB3-4AFF-4DE4-877E-170367C7014B}.Release|Any CPU.ActiveCfg = Release|Any CPU
		{5EE83DB3-4AFF-4DE4-877E-170367C7014B}.Release|Any CPU.Build.0 = Release|Any CPU
		{C44D9DC3-80F4-4C0B-8585-0AB36BD6C66E}.Debug|Any CPU.ActiveCfg = Debug|Any CPU
		{C44D9DC3-80F4-4C0B-8585-0AB36BD6C66E}.Debug|Any CPU.Build.0 = Debug|Any CPU
		{C44D9DC3-80F4-4C0B-8585-0AB36BD6C66E}.Release|Any CPU.ActiveCfg = Release|Any CPU
		{C44D9DC3-80F4-4C0B-8585-0AB36BD6C66E}.Release|Any CPU.Build.0 = Release|Any CPU
		{646AC9A5-C4B3-416B-BBA5-3F110ED49BD7}.Debug|Any CPU.ActiveCfg = Debug|Any CPU
		{646AC9A5-C4B3-416B-BBA5-3F110ED49BD7}.Debug|Any CPU.Build.0 = Debug|Any CPU
		{646AC9A5-C4B3-416B-BBA5-3F110ED49BD7}.Release|Any CPU.ActiveCfg = Release|Any CPU
		{646AC9A5-C4B3-416B-BBA5-3F110ED49BD7}.Release|Any CPU.Build.0 = Release|Any CPU
		{E0BA7708-ED2B-432C-9C8B-110C3F7AFCB3}.Debug|Any CPU.ActiveCfg = Debug|Any CPU
		{E0BA7708-ED2B-432C-9C8B-110C3F7AFCB3}.Debug|Any CPU.Build.0 = Debug|Any CPU
		{E0BA7708-ED2B-432C-9C8B-110C3F7AFCB3}.Release|Any CPU.ActiveCfg = Release|Any CPU
		{E0BA7708-ED2B-432C-9C8B-110C3F7AFCB3}.Release|Any CPU.Build.0 = Release|Any CPU
	EndGlobalSection
	GlobalSection(SolutionProperties) = preSolution
		HideSolutionNode = FALSE
	EndGlobalSection
	GlobalSection(NestedProjects) = preSolution
		{993F0518-3E56-4846-8185-4132744F5A45} = {02EA681E-C7D8-13C7-8484-4AC65E1B71E8}
		{42CECB7D-BEF9-4E75-81AA-05A2927B6C24} = {02EA681E-C7D8-13C7-8484-4AC65E1B71E8}
		{C26692DE-57B3-4416-98E7-734CF95CEE31} = {02EA681E-C7D8-13C7-8484-4AC65E1B71E8}
		{216B2842-45C8-46B1-A58D-97857AB77840} = {6646F0E5-4983-4954-9EDD-1E265301CC2E}
		{87B86281-AA6A-41EB-AA4C-FADD67680C81} = {6646F0E5-4983-4954-9EDD-1E265301CC2E}
		{B4B91DC7-9635-460A-87B3-CE45373978A0} = {6646F0E5-4983-4954-9EDD-1E265301CC2E}
		{F9F15F06-D169-4AEC-B5A2-DF97B1F83213} = {CF576055-BFF1-4043-B122-4A9F94B6071C}
		{8AE76D87-B95D-4AEC-9B08-39B88769DBEB} = {CF576055-BFF1-4043-B122-4A9F94B6071C}
		{F434F42F-59F3-4FB0-858F-946188CDFEB2} = {CF576055-BFF1-4043-B122-4A9F94B6071C}
		{2B39EDC7-998D-472E-904F-3EAEA56ACD83} = {507FF7E9-2B15-4C4C-8B3B-ACC6A631BD99}
		{5147AF14-5420-419A-B349-A992229BA819} = {507FF7E9-2B15-4C4C-8B3B-ACC6A631BD99}
		{5EE83DB3-4AFF-4DE4-877E-170367C7014B} = {507FF7E9-2B15-4C4C-8B3B-ACC6A631BD99}
		{C44D9DC3-80F4-4C0B-8585-0AB36BD6C66E} = {E7FA903B-ADDC-47F4-AAA3-4C26D73ED86C}
		{646AC9A5-C4B3-416B-BBA5-3F110ED49BD7} = {E7FA903B-ADDC-47F4-AAA3-4C26D73ED86C}
		{E0BA7708-ED2B-432C-9C8B-110C3F7AFCB3} = {E7FA903B-ADDC-47F4-AAA3-4C26D73ED86C}
	EndGlobalSection
	GlobalSection(ExtensibilityGlobals) = postSolution
		SolutionGuid = {EBF40921-1172-4FD5-85A2-812D44EF322A}
	EndGlobalSection
EndGlobal
